// !$*UTF8*$!
{
	archiveVersion = 1;
	classes = {
	};
	objectVersion = 46;
	objects = {

/* Begin PBXBuildFile section */
		A054911D1D1CAE620057BF7F /* AppDelegate.swift in Sources */ = {isa = PBXBuildFile; fileRef = A054911C1D1CAE620057BF7F /* AppDelegate.swift */; };
		A05491241D1CAE620057BF7F /* Assets.xcassets in Resources */ = {isa = PBXBuildFile; fileRef = A05491231D1CAE620057BF7F /* Assets.xcassets */; };
		A05491271D1CAE620057BF7F /* LaunchScreen.storyboard in Resources */ = {isa = PBXBuildFile; fileRef = A05491251D1CAE620057BF7F /* LaunchScreen.storyboard */; };
		A05491321D1CAE620057BF7F /* RevolutTests.swift in Sources */ = {isa = PBXBuildFile; fileRef = A05491311D1CAE620057BF7F /* RevolutTests.swift */; };
		A054913D1D1CAE620057BF7F /* RevolutUITests.swift in Sources */ = {isa = PBXBuildFile; fileRef = A054913C1D1CAE620057BF7F /* RevolutUITests.swift */; };
		A054914D1D1CB2290057BF7F /* InfinitePageViewController.swift in Sources */ = {isa = PBXBuildFile; fileRef = A054914C1D1CB2290057BF7F /* InfinitePageViewController.swift */; };
		A054914F1D1CB2FC0057BF7F /* RVCCurrency.swift in Sources */ = {isa = PBXBuildFile; fileRef = A054914E1D1CB2FC0057BF7F /* RVCCurrency.swift */; };
		A05491561D1CB60A0057BF7F /* Additional.swift in Sources */ = {isa = PBXBuildFile; fileRef = A05491511D1CB60A0057BF7F /* Additional.swift */; };
		A05491571D1CB60A0057BF7F /* NSAttributedExtension.swift in Sources */ = {isa = PBXBuildFile; fileRef = A05491521D1CB60A0057BF7F /* NSAttributedExtension.swift */; };
		A05491581D1CB60A0057BF7F /* Style.swift in Sources */ = {isa = PBXBuildFile; fileRef = A05491531D1CB60A0057BF7F /* Style.swift */; };
		A05491591D1CB60A0057BF7F /* UIView_Activity.swift in Sources */ = {isa = PBXBuildFile; fileRef = A05491541D1CB60A0057BF7F /* UIView_Activity.swift */; };
		A054915A1D1CB60A0057BF7F /* UIView_Frame.swift in Sources */ = {isa = PBXBuildFile; fileRef = A05491551D1CB60A0057BF7F /* UIView_Frame.swift */; };
		A05B2EBB1D295059009FE840 /* XMLDictionary.m in Sources */ = {isa = PBXBuildFile; fileRef = A05B2EBA1D295059009FE840 /* XMLDictionary.m */; };
		A05B2EBD1D295166009FE840 /* ExchangeManager.swift in Sources */ = {isa = PBXBuildFile; fileRef = A05B2EBC1D295166009FE840 /* ExchangeManager.swift */; };
		A05B2EBF1D2954F2009FE840 /* User.swift in Sources */ = {isa = PBXBuildFile; fileRef = A05B2EBE1D2954F2009FE840 /* User.swift */; };
		A05B2EC11D295547009FE840 /* Currency.swift in Sources */ = {isa = PBXBuildFile; fileRef = A05B2EC01D295547009FE840 /* Currency.swift */; };
		A06D18221D1FCDED0029F678 /* RTextFieldCurrency.swift in Sources */ = {isa = PBXBuildFile; fileRef = A06D18211D1FCDED0029F678 /* RTextFieldCurrency.swift */; };
		A0874A681D2A781300402318 /* RVCMain.swift in Sources */ = {isa = PBXBuildFile; fileRef = A0874A671D2A781300402318 /* RVCMain.swift */; };
		A0A4643E1D2BE23E00213D62 /* RExchangeTopBar.swift in Sources */ = {isa = PBXBuildFile; fileRef = A0A4643D1D2BE23E00213D62 /* RExchangeTopBar.swift */; };
		A0A464401D2BF27300213D62 /* Balance.swift in Sources */ = {isa = PBXBuildFile; fileRef = A0A4643F1D2BF27300213D62 /* Balance.swift */; };
		A0E2D0BB1D2ABDFD00705B2E /* RVCExchange.swift in Sources */ = {isa = PBXBuildFile; fileRef = A0E2D0BA1D2ABDFD00705B2E /* RVCExchange.swift */; };
		F38E3C68B618AC2794293043 /* Pods_Revolut.framework in Frameworks */ = {isa = PBXBuildFile; fileRef = 24EDCF58974712005B1F80A1 /* Pods_Revolut.framework */; };
/* End PBXBuildFile section */

/* Begin PBXContainerItemProxy section */
		A054912E1D1CAE620057BF7F /* PBXContainerItemProxy */ = {
			isa = PBXContainerItemProxy;
			containerPortal = A05491111D1CAE620057BF7F /* Project object */;
			proxyType = 1;
			remoteGlobalIDString = A05491181D1CAE620057BF7F;
			remoteInfo = Revolut;
		};
		A05491391D1CAE620057BF7F /* PBXContainerItemProxy */ = {
			isa = PBXContainerItemProxy;
			containerPortal = A05491111D1CAE620057BF7F /* Project object */;
			proxyType = 1;
			remoteGlobalIDString = A05491181D1CAE620057BF7F;
			remoteInfo = Revolut;
		};
/* End PBXContainerItemProxy section */

/* Begin PBXFileReference section */
		24EDCF58974712005B1F80A1 /* Pods_Revolut.framework */ = {isa = PBXFileReference; explicitFileType = wrapper.framework; includeInIndex = 0; path = Pods_Revolut.framework; sourceTree = BUILT_PRODUCTS_DIR; };
		4C6C2826073F94FDCBFB406D /* Pods-Revolut.release.xcconfig */ = {isa = PBXFileReference; includeInIndex = 1; lastKnownFileType = text.xcconfig; name = "Pods-Revolut.release.xcconfig"; path = "Pods/Target Support Files/Pods-Revolut/Pods-Revolut.release.xcconfig"; sourceTree = "<group>"; };
		925D64AD97D1052F67D4F106 /* Pods-Revolut.debug.xcconfig */ = {isa = PBXFileReference; includeInIndex = 1; lastKnownFileType = text.xcconfig; name = "Pods-Revolut.debug.xcconfig"; path = "Pods/Target Support Files/Pods-Revolut/Pods-Revolut.debug.xcconfig"; sourceTree = "<group>"; };
		A05491191D1CAE620057BF7F /* Revolut.app */ = {isa = PBXFileReference; explicitFileType = wrapper.application; includeInIndex = 0; path = Revolut.app; sourceTree = BUILT_PRODUCTS_DIR; };
		A054911C1D1CAE620057BF7F /* AppDelegate.swift */ = {isa = PBXFileReference; lastKnownFileType = sourcecode.swift; path = AppDelegate.swift; sourceTree = "<group>"; };
		A05491231D1CAE620057BF7F /* Assets.xcassets */ = {isa = PBXFileReference; lastKnownFileType = folder.assetcatalog; path = Assets.xcassets; sourceTree = "<group>"; };
		A05491261D1CAE620057BF7F /* Base */ = {isa = PBXFileReference; lastKnownFileType = file.storyboard; name = Base; path = Base.lproj/LaunchScreen.storyboard; sourceTree = "<group>"; };
		A05491281D1CAE620057BF7F /* Info.plist */ = {isa = PBXFileReference; lastKnownFileType = text.plist.xml; path = Info.plist; sourceTree = "<group>"; };
		A054912D1D1CAE620057BF7F /* RevolutTests.xctest */ = {isa = PBXFileReference; explicitFileType = wrapper.cfbundle; includeInIndex = 0; path = RevolutTests.xctest; sourceTree = BUILT_PRODUCTS_DIR; };
		A05491311D1CAE620057BF7F /* RevolutTests.swift */ = {isa = PBXFileReference; lastKnownFileType = sourcecode.swift; path = RevolutTests.swift; sourceTree = "<group>"; };
		A05491331D1CAE620057BF7F /* Info.plist */ = {isa = PBXFileReference; lastKnownFileType = text.plist.xml; path = Info.plist; sourceTree = "<group>"; };
		A05491381D1CAE620057BF7F /* RevolutUITests.xctest */ = {isa = PBXFileReference; explicitFileType = wrapper.cfbundle; includeInIndex = 0; path = RevolutUITests.xctest; sourceTree = BUILT_PRODUCTS_DIR; };
		A054913C1D1CAE620057BF7F /* RevolutUITests.swift */ = {isa = PBXFileReference; lastKnownFileType = sourcecode.swift; path = RevolutUITests.swift; sourceTree = "<group>"; };
		A054913E1D1CAE620057BF7F /* Info.plist */ = {isa = PBXFileReference; lastKnownFileType = text.plist.xml; path = Info.plist; sourceTree = "<group>"; };
		A054914C1D1CB2290057BF7F /* InfinitePageViewController.swift */ = {isa = PBXFileReference; fileEncoding = 4; lastKnownFileType = sourcecode.swift; path = InfinitePageViewController.swift; sourceTree = "<group>"; };
		A054914E1D1CB2FC0057BF7F /* RVCCurrency.swift */ = {isa = PBXFileReference; fileEncoding = 4; lastKnownFileType = sourcecode.swift; path = RVCCurrency.swift; sourceTree = "<group>"; };
		A05491511D1CB60A0057BF7F /* Additional.swift */ = {isa = PBXFileReference; fileEncoding = 4; lastKnownFileType = sourcecode.swift; path = Additional.swift; sourceTree = "<group>"; };
		A05491521D1CB60A0057BF7F /* NSAttributedExtension.swift */ = {isa = PBXFileReference; fileEncoding = 4; lastKnownFileType = sourcecode.swift; path = NSAttributedExtension.swift; sourceTree = "<group>"; };
		A05491531D1CB60A0057BF7F /* Style.swift */ = {isa = PBXFileReference; fileEncoding = 4; lastKnownFileType = sourcecode.swift; path = Style.swift; sourceTree = "<group>"; };
		A05491541D1CB60A0057BF7F /* UIView_Activity.swift */ = {isa = PBXFileReference; fileEncoding = 4; lastKnownFileType = sourcecode.swift; path = UIView_Activity.swift; sourceTree = "<group>"; };
		A05491551D1CB60A0057BF7F /* UIView_Frame.swift */ = {isa = PBXFileReference; fileEncoding = 4; lastKnownFileType = sourcecode.swift; path = UIView_Frame.swift; sourceTree = "<group>"; };
		A05B2EB81D295058009FE840 /* Revolut-Bridging-Header.h */ = {isa = PBXFileReference; lastKnownFileType = sourcecode.c.h; path = "Revolut-Bridging-Header.h"; sourceTree = "<group>"; };
		A05B2EB91D295059009FE840 /* XMLDictionary.h */ = {isa = PBXFileReference; fileEncoding = 4; lastKnownFileType = sourcecode.c.h; name = XMLDictionary.h; path = ../XMLDictionary.h; sourceTree = "<group>"; };
		A05B2EBA1D295059009FE840 /* XMLDictionary.m */ = {isa = PBXFileReference; fileEncoding = 4; lastKnownFileType = sourcecode.c.objc; name = XMLDictionary.m; path = ../XMLDictionary.m; sourceTree = "<group>"; };
		A05B2EBC1D295166009FE840 /* ExchangeManager.swift */ = {isa = PBXFileReference; fileEncoding = 4; lastKnownFileType = sourcecode.swift; path = ExchangeManager.swift; sourceTree = "<group>"; };
		A05B2EBE1D2954F2009FE840 /* User.swift */ = {isa = PBXFileReference; fileEncoding = 4; lastKnownFileType = sourcecode.swift; path = User.swift; sourceTree = "<group>"; };
		A05B2EC01D295547009FE840 /* Currency.swift */ = {isa = PBXFileReference; fileEncoding = 4; lastKnownFileType = sourcecode.swift; path = Currency.swift; sourceTree = "<group>"; };
		A06D18211D1FCDED0029F678 /* RTextFieldCurrency.swift */ = {isa = PBXFileReference; fileEncoding = 4; lastKnownFileType = sourcecode.swift; path = RTextFieldCurrency.swift; sourceTree = "<group>"; };
		A0874A671D2A781300402318 /* RVCMain.swift */ = {isa = PBXFileReference; fileEncoding = 4; lastKnownFileType = sourcecode.swift; path = RVCMain.swift; sourceTree = "<group>"; };
		A0A4643D1D2BE23E00213D62 /* RExchangeTopBar.swift */ = {isa = PBXFileReference; fileEncoding = 4; lastKnownFileType = sourcecode.swift; path = RExchangeTopBar.swift; sourceTree = "<group>"; };
		A0A4643F1D2BF27300213D62 /* Balance.swift */ = {isa = PBXFileReference; fileEncoding = 4; lastKnownFileType = sourcecode.swift; path = Balance.swift; sourceTree = "<group>"; };
		A0E2D0BA1D2ABDFD00705B2E /* RVCExchange.swift */ = {isa = PBXFileReference; fileEncoding = 4; lastKnownFileType = sourcecode.swift; path = RVCExchange.swift; sourceTree = "<group>"; };
/* End PBXFileReference section */

/* Begin PBXFrameworksBuildPhase section */
		A05491161D1CAE620057BF7F /* Frameworks */ = {
			isa = PBXFrameworksBuildPhase;
			buildActionMask = 2147483647;
			files = (
				F38E3C68B618AC2794293043 /* Pods_Revolut.framework in Frameworks */,
			);
			runOnlyForDeploymentPostprocessing = 0;
		};
		A054912A1D1CAE620057BF7F /* Frameworks */ = {
			isa = PBXFrameworksBuildPhase;
			buildActionMask = 2147483647;
			files = (
			);
			runOnlyForDeploymentPostprocessing = 0;
		};
		A05491351D1CAE620057BF7F /* Frameworks */ = {
			isa = PBXFrameworksBuildPhase;
			buildActionMask = 2147483647;
			files = (
			);
			runOnlyForDeploymentPostprocessing = 0;
		};
/* End PBXFrameworksBuildPhase section */

/* Begin PBXGroup section */
		A05491101D1CAE620057BF7F = {
			isa = PBXGroup;
			children = (
				A054911B1D1CAE620057BF7F /* Revolut */,
				A05491301D1CAE620057BF7F /* RevolutTests */,
				A054913B1D1CAE620057BF7F /* RevolutUITests */,
				A054911A1D1CAE620057BF7F /* Products */,
				D3CF22168637ACEC8CB41F8C /* Pods */,
				B42089724B74F6F0D01967E2 /* Frameworks */,
			);
			sourceTree = "<group>";
		};
		A054911A1D1CAE620057BF7F /* Products */ = {
			isa = PBXGroup;
			children = (
				A05491191D1CAE620057BF7F /* Revolut.app */,
				A054912D1D1CAE620057BF7F /* RevolutTests.xctest */,
				A05491381D1CAE620057BF7F /* RevolutUITests.xctest */,
			);
			name = Products;
			sourceTree = "<group>";
		};
		A054911B1D1CAE620057BF7F /* Revolut */ = {
			isa = PBXGroup;
			children = (
				A0874A621D2A774500402318 /* Classes */,
				A054911C1D1CAE620057BF7F /* AppDelegate.swift */,
				A05491231D1CAE620057BF7F /* Assets.xcassets */,
				A05491251D1CAE620057BF7F /* LaunchScreen.storyboard */,
				A05491281D1CAE620057BF7F /* Info.plist */,
				A05B2EB81D295058009FE840 /* Revolut-Bridging-Header.h */,
			);
			path = Revolut;
			sourceTree = "<group>";
		};
		A05491301D1CAE620057BF7F /* RevolutTests */ = {
			isa = PBXGroup;
			children = (
				A05491311D1CAE620057BF7F /* RevolutTests.swift */,
				A05491331D1CAE620057BF7F /* Info.plist */,
			);
			path = RevolutTests;
			sourceTree = "<group>";
		};
		A054913B1D1CAE620057BF7F /* RevolutUITests */ = {
			isa = PBXGroup;
			children = (
				A054913C1D1CAE620057BF7F /* RevolutUITests.swift */,
				A054913E1D1CAE620057BF7F /* Info.plist */,
			);
			path = RevolutUITests;
			sourceTree = "<group>";
		};
		A05491501D1CB60A0057BF7F /* Support */ = {
			isa = PBXGroup;
			children = (
				A05B2EB91D295059009FE840 /* XMLDictionary.h */,
				A05B2EBA1D295059009FE840 /* XMLDictionary.m */,
				A05491511D1CB60A0057BF7F /* Additional.swift */,
				A05491521D1CB60A0057BF7F /* NSAttributedExtension.swift */,
				A05491531D1CB60A0057BF7F /* Style.swift */,
				A05491541D1CB60A0057BF7F /* UIView_Activity.swift */,
				A05491551D1CB60A0057BF7F /* UIView_Frame.swift */,
			);
			path = Support;
			sourceTree = "<group>";
		};
		A0874A621D2A774500402318 /* Classes */ = {
			isa = PBXGroup;
			children = (
				A0874A631D2A774A00402318 /* GUI */,
				A0874A641D2A774F00402318 /* Model */,
				A05491501D1CB60A0057BF7F /* Support */,
			);
			name = Classes;
			sourceTree = "<group>";
		};
		A0874A631D2A774A00402318 /* GUI */ = {
			isa = PBXGroup;
			children = (
				A0874A661D2A777700402318 /* Views */,
				A0874A651D2A777200402318 /* VC */,
			);
			name = GUI;
			sourceTree = "<group>";
		};
		A0874A641D2A774F00402318 /* Model */ = {
			isa = PBXGroup;
			children = (
				A0CE6B0B1D2C218500DFE9E9 /* Entities */,
				A05B2EBC1D295166009FE840 /* ExchangeManager.swift */,
			);
			name = Model;
			sourceTree = "<group>";
		};
		A0874A651D2A777200402318 /* VC */ = {
			isa = PBXGroup;
			children = (
				A054914C1D1CB2290057BF7F /* InfinitePageViewController.swift */,
				A054914E1D1CB2FC0057BF7F /* RVCCurrency.swift */,
				A0E2D0BA1D2ABDFD00705B2E /* RVCExchange.swift */,
				A0874A671D2A781300402318 /* RVCMain.swift */,
			);
			name = VC;
			sourceTree = "<group>";
		};
		A0874A661D2A777700402318 /* Views */ = {
			isa = PBXGroup;
			children = (
				A06D18211D1FCDED0029F678 /* RTextFieldCurrency.swift */,
				A0A4643D1D2BE23E00213D62 /* RExchangeTopBar.swift */,
			);
			name = Views;
			sourceTree = "<group>";
		};
		A0CE6B0B1D2C218500DFE9E9 /* Entities */ = {
			isa = PBXGroup;
			children = (
				A05B2EBE1D2954F2009FE840 /* User.swift */,
				A0A4643F1D2BF27300213D62 /* Balance.swift */,
				A05B2EC01D295547009FE840 /* Currency.swift */,
			);
			name = Entities;
			sourceTree = "<group>";
		};
		B42089724B74F6F0D01967E2 /* Frameworks */ = {
			isa = PBXGroup;
			children = (
				24EDCF58974712005B1F80A1 /* Pods_Revolut.framework */,
			);
			name = Frameworks;
			sourceTree = "<group>";
		};
		D3CF22168637ACEC8CB41F8C /* Pods */ = {
			isa = PBXGroup;
			children = (
				925D64AD97D1052F67D4F106 /* Pods-Revolut.debug.xcconfig */,
				4C6C2826073F94FDCBFB406D /* Pods-Revolut.release.xcconfig */,
			);
			name = Pods;
			sourceTree = "<group>";
		};
/* End PBXGroup section */

/* Begin PBXNativeTarget section */
		A05491181D1CAE620057BF7F /* Revolut */ = {
			isa = PBXNativeTarget;
			buildConfigurationList = A05491411D1CAE620057BF7F /* Build configuration list for PBXNativeTarget "Revolut" */;
			buildPhases = (
				D97C00CF3670C32DD5325E6B /* 📦 Check Pods Manifest.lock */,
				A05491151D1CAE620057BF7F /* Sources */,
				A05491161D1CAE620057BF7F /* Frameworks */,
				A05491171D1CAE620057BF7F /* Resources */,
				A4432C53305D2A7970410C16 /* 📦 Embed Pods Frameworks */,
				7362EAD73EEC3D94F75A03DD /* 📦 Copy Pods Resources */,
			);
			buildRules = (
			);
			dependencies = (
			);
			name = Revolut;
			productName = Revolut;
			productReference = A05491191D1CAE620057BF7F /* Revolut.app */;
			productType = "com.apple.product-type.application";
		};
		A054912C1D1CAE620057BF7F /* RevolutTests */ = {
			isa = PBXNativeTarget;
			buildConfigurationList = A05491441D1CAE620057BF7F /* Build configuration list for PBXNativeTarget "RevolutTests" */;
			buildPhases = (
				A05491291D1CAE620057BF7F /* Sources */,
				A054912A1D1CAE620057BF7F /* Frameworks */,
				A054912B1D1CAE620057BF7F /* Resources */,
			);
			buildRules = (
			);
			dependencies = (
				A054912F1D1CAE620057BF7F /* PBXTargetDependency */,
			);
			name = RevolutTests;
			productName = RevolutTests;
			productReference = A054912D1D1CAE620057BF7F /* RevolutTests.xctest */;
			productType = "com.apple.product-type.bundle.unit-test";
		};
		A05491371D1CAE620057BF7F /* RevolutUITests */ = {
			isa = PBXNativeTarget;
			buildConfigurationList = A05491471D1CAE620057BF7F /* Build configuration list for PBXNativeTarget "RevolutUITests" */;
			buildPhases = (
				A05491341D1CAE620057BF7F /* Sources */,
				A05491351D1CAE620057BF7F /* Frameworks */,
				A05491361D1CAE620057BF7F /* Resources */,
			);
			buildRules = (
			);
			dependencies = (
				A054913A1D1CAE620057BF7F /* PBXTargetDependency */,
			);
			name = RevolutUITests;
			productName = RevolutUITests;
			productReference = A05491381D1CAE620057BF7F /* RevolutUITests.xctest */;
			productType = "com.apple.product-type.bundle.ui-testing";
		};
/* End PBXNativeTarget section */

/* Begin PBXProject section */
		A05491111D1CAE620057BF7F /* Project object */ = {
			isa = PBXProject;
			attributes = {
				LastSwiftUpdateCheck = 0730;
				LastUpgradeCheck = 0730;
				ORGANIZATIONNAME = "Alexei Rudakov";
				TargetAttributes = {
					A05491181D1CAE620057BF7F = {
						CreatedOnToolsVersion = 7.3.1;
					};
					A054912C1D1CAE620057BF7F = {
						CreatedOnToolsVersion = 7.3.1;
						TestTargetID = A05491181D1CAE620057BF7F;
					};
					A05491371D1CAE620057BF7F = {
						CreatedOnToolsVersion = 7.3.1;
						TestTargetID = A05491181D1CAE620057BF7F;
					};
				};
			};
			buildConfigurationList = A05491141D1CAE620057BF7F /* Build configuration list for PBXProject "Revolut" */;
			compatibilityVersion = "Xcode 3.2";
			developmentRegion = English;
			hasScannedForEncodings = 0;
			knownRegions = (
				en,
				Base,
			);
			mainGroup = A05491101D1CAE620057BF7F;
			productRefGroup = A054911A1D1CAE620057BF7F /* Products */;
			projectDirPath = "";
			projectRoot = "";
			targets = (
				A05491181D1CAE620057BF7F /* Revolut */,
				A054912C1D1CAE620057BF7F /* RevolutTests */,
				A05491371D1CAE620057BF7F /* RevolutUITests */,
			);
		};
/* End PBXProject section */

/* Begin PBXResourcesBuildPhase section */
		A05491171D1CAE620057BF7F /* Resources */ = {
			isa = PBXResourcesBuildPhase;
			buildActionMask = 2147483647;
			files = (
				A05491271D1CAE620057BF7F /* LaunchScreen.storyboard in Resources */,
				A05491241D1CAE620057BF7F /* Assets.xcassets in Resources */,
			);
			runOnlyForDeploymentPostprocessing = 0;
		};
		A054912B1D1CAE620057BF7F /* Resources */ = {
			isa = PBXResourcesBuildPhase;
			buildActionMask = 2147483647;
			files = (
			);
			runOnlyForDeploymentPostprocessing = 0;
		};
		A05491361D1CAE620057BF7F /* Resources */ = {
			isa = PBXResourcesBuildPhase;
			buildActionMask = 2147483647;
			files = (
			);
			runOnlyForDeploymentPostprocessing = 0;
		};
/* End PBXResourcesBuildPhase section */

/* Begin PBXShellScriptBuildPhase section */
		7362EAD73EEC3D94F75A03DD /* 📦 Copy Pods Resources */ = {
			isa = PBXShellScriptBuildPhase;
			buildActionMask = 2147483647;
			files = (
			);
			inputPaths = (
			);
			name = "📦 Copy Pods Resources";
			outputPaths = (
			);
			runOnlyForDeploymentPostprocessing = 0;
			shellPath = /bin/sh;
			shellScript = "\"${SRCROOT}/Pods/Target Support Files/Pods-Revolut/Pods-Revolut-resources.sh\"\n";
			showEnvVarsInLog = 0;
		};
		A4432C53305D2A7970410C16 /* 📦 Embed Pods Frameworks */ = {
			isa = PBXShellScriptBuildPhase;
			buildActionMask = 2147483647;
			files = (
			);
			inputPaths = (
			);
			name = "📦 Embed Pods Frameworks";
			outputPaths = (
			);
			runOnlyForDeploymentPostprocessing = 0;
			shellPath = /bin/sh;
			shellScript = "\"${SRCROOT}/Pods/Target Support Files/Pods-Revolut/Pods-Revolut-frameworks.sh\"\n";
			showEnvVarsInLog = 0;
		};
		D97C00CF3670C32DD5325E6B /* 📦 Check Pods Manifest.lock */ = {
			isa = PBXShellScriptBuildPhase;
			buildActionMask = 2147483647;
			files = (
			);
			inputPaths = (
			);
			name = "📦 Check Pods Manifest.lock";
			outputPaths = (
			);
			runOnlyForDeploymentPostprocessing = 0;
			shellPath = /bin/sh;
			shellScript = "diff \"${PODS_ROOT}/../Podfile.lock\" \"${PODS_ROOT}/Manifest.lock\" > /dev/null\nif [[ $? != 0 ]] ; then\n    cat << EOM\nerror: The sandbox is not in sync with the Podfile.lock. Run 'pod install' or update your CocoaPods installation.\nEOM\n    exit 1\nfi\n";
			showEnvVarsInLog = 0;
		};
/* End PBXShellScriptBuildPhase section */

/* Begin PBXSourcesBuildPhase section */
		A05491151D1CAE620057BF7F /* Sources */ = {
			isa = PBXSourcesBuildPhase;
			buildActionMask = 2147483647;
			files = (
				A0A4643E1D2BE23E00213D62 /* RExchangeTopBar.swift in Sources */,
				A05B2EBF1D2954F2009FE840 /* User.swift in Sources */,
				A05491571D1CB60A0057BF7F /* NSAttributedExtension.swift in Sources */,
				A0A464401D2BF27300213D62 /* Balance.swift in Sources */,
				A054911D1D1CAE620057BF7F /* AppDelegate.swift in Sources */,
				A054914F1D1CB2FC0057BF7F /* RVCCurrency.swift in Sources */,
				A054914D1D1CB2290057BF7F /* InfinitePageViewController.swift in Sources */,
				A05491591D1CB60A0057BF7F /* UIView_Activity.swift in Sources */,
				A054915A1D1CB60A0057BF7F /* UIView_Frame.swift in Sources */,
				A05B2EBB1D295059009FE840 /* XMLDictionary.m in Sources */,
				A0874A681D2A781300402318 /* RVCMain.swift in Sources */,
				A0E2D0BB1D2ABDFD00705B2E /* RVCExchange.swift in Sources */,
				A06D18221D1FCDED0029F678 /* RTextFieldCurrency.swift in Sources */,
				A05491581D1CB60A0057BF7F /* Style.swift in Sources */,
				A05B2EBD1D295166009FE840 /* ExchangeManager.swift in Sources */,
				A05B2EC11D295547009FE840 /* Currency.swift in Sources */,
				A05491561D1CB60A0057BF7F /* Additional.swift in Sources */,
			);
			runOnlyForDeploymentPostprocessing = 0;
		};
		A05491291D1CAE620057BF7F /* Sources */ = {
			isa = PBXSourcesBuildPhase;
			buildActionMask = 2147483647;
			files = (
				A05491321D1CAE620057BF7F /* RevolutTests.swift in Sources */,
			);
			runOnlyForDeploymentPostprocessing = 0;
		};
		A05491341D1CAE620057BF7F /* Sources */ = {
			isa = PBXSourcesBuildPhase;
			buildActionMask = 2147483647;
			files = (
				A054913D1D1CAE620057BF7F /* RevolutUITests.swift in Sources */,
			);
			runOnlyForDeploymentPostprocessing = 0;
		};
/* End PBXSourcesBuildPhase section */

/* Begin PBXTargetDependency section */
		A054912F1D1CAE620057BF7F /* PBXTargetDependency */ = {
			isa = PBXTargetDependency;
			target = A05491181D1CAE620057BF7F /* Revolut */;
			targetProxy = A054912E1D1CAE620057BF7F /* PBXContainerItemProxy */;
		};
		A054913A1D1CAE620057BF7F /* PBXTargetDependency */ = {
			isa = PBXTargetDependency;
			target = A05491181D1CAE620057BF7F /* Revolut */;
			targetProxy = A05491391D1CAE620057BF7F /* PBXContainerItemProxy */;
		};
/* End PBXTargetDependency section */

/* Begin PBXVariantGroup section */
		A05491251D1CAE620057BF7F /* LaunchScreen.storyboard */ = {
			isa = PBXVariantGroup;
			children = (
				A05491261D1CAE620057BF7F /* Base */,
			);
			name = LaunchScreen.storyboard;
			sourceTree = "<group>";
		};
/* End PBXVariantGroup section */

/* Begin XCBuildConfiguration section */
		A054913F1D1CAE620057BF7F /* Debug */ = {
			isa = XCBuildConfiguration;
			buildSettings = {
				ALWAYS_SEARCH_USER_PATHS = NO;
				CLANG_ANALYZER_NONNULL = YES;
				CLANG_CXX_LANGUAGE_STANDARD = "gnu++0x";
				CLANG_CXX_LIBRARY = "libc++";
				CLANG_ENABLE_MODULES = YES;
				CLANG_ENABLE_OBJC_ARC = YES;
				CLANG_WARN_BOOL_CONVERSION = YES;
				CLANG_WARN_CONSTANT_CONVERSION = YES;
				CLANG_WARN_DIRECT_OBJC_ISA_USAGE = YES_ERROR;
				CLANG_WARN_EMPTY_BODY = YES;
				CLANG_WARN_ENUM_CONVERSION = YES;
				CLANG_WARN_INT_CONVERSION = YES;
				CLANG_WARN_OBJC_ROOT_CLASS = YES_ERROR;
				CLANG_WARN_UNREACHABLE_CODE = YES;
				CLANG_WARN__DUPLICATE_METHOD_MATCH = YES;
				"CODE_SIGN_IDENTITY[sdk=iphoneos*]" = "iPhone Developer";
				COPY_PHASE_STRIP = NO;
				DEBUG_INFORMATION_FORMAT = dwarf;
				ENABLE_STRICT_OBJC_MSGSEND = YES;
				ENABLE_TESTABILITY = YES;
				GCC_C_LANGUAGE_STANDARD = gnu99;
				GCC_DYNAMIC_NO_PIC = NO;
				GCC_NO_COMMON_BLOCKS = YES;
				GCC_OPTIMIZATION_LEVEL = 0;
				GCC_PREPROCESSOR_DEFINITIONS = (
					"DEBUG=1",
					"$(inherited)",
				);
				GCC_WARN_64_TO_32_BIT_CONVERSION = YES;
				GCC_WARN_ABOUT_RETURN_TYPE = YES_ERROR;
				GCC_WARN_UNDECLARED_SELECTOR = YES;
				GCC_WARN_UNINITIALIZED_AUTOS = YES_AGGRESSIVE;
				GCC_WARN_UNUSED_FUNCTION = YES;
				GCC_WARN_UNUSED_VARIABLE = YES;
				IPHONEOS_DEPLOYMENT_TARGET = 9.3;
				MTL_ENABLE_DEBUG_INFO = YES;
				ONLY_ACTIVE_ARCH = YES;
				SDKROOT = iphoneos;
				SWIFT_OPTIMIZATION_LEVEL = "-Onone";
				TARGETED_DEVICE_FAMILY = "1,2";
			};
			name = Debug;
		};
		A05491401D1CAE620057BF7F /* Release */ = {
			isa = XCBuildConfiguration;
			buildSettings = {
				ALWAYS_SEARCH_USER_PATHS = NO;
				CLANG_ANALYZER_NONNULL = YES;
				CLANG_CXX_LANGUAGE_STANDARD = "gnu++0x";
				CLANG_CXX_LIBRARY = "libc++";
				CLANG_ENABLE_MODULES = YES;
				CLANG_ENABLE_OBJC_ARC = YES;
				CLANG_WARN_BOOL_CONVERSION = YES;
				CLANG_WARN_CONSTANT_CONVERSION = YES;
				CLANG_WARN_DIRECT_OBJC_ISA_USAGE = YES_ERROR;
				CLANG_WARN_EMPTY_BODY = YES;
				CLANG_WARN_ENUM_CONVERSION = YES;
				CLANG_WARN_INT_CONVERSION = YES;
				CLANG_WARN_OBJC_ROOT_CLASS = YES_ERROR;
				CLANG_WARN_UNREACHABLE_CODE = YES;
				CLANG_WARN__DUPLICATE_METHOD_MATCH = YES;
				"CODE_SIGN_IDENTITY[sdk=iphoneos*]" = "iPhone Developer";
				COPY_PHASE_STRIP = NO;
				DEBUG_INFORMATION_FORMAT = "dwarf-with-dsym";
				ENABLE_NS_ASSERTIONS = NO;
				ENABLE_STRICT_OBJC_MSGSEND = YES;
				GCC_C_LANGUAGE_STANDARD = gnu99;
				GCC_NO_COMMON_BLOCKS = YES;
				GCC_WARN_64_TO_32_BIT_CONVERSION = YES;
				GCC_WARN_ABOUT_RETURN_TYPE = YES_ERROR;
				GCC_WARN_UNDECLARED_SELECTOR = YES;
				GCC_WARN_UNINITIALIZED_AUTOS = YES_AGGRESSIVE;
				GCC_WARN_UNUSED_FUNCTION = YES;
				GCC_WARN_UNUSED_VARIABLE = YES;
				IPHONEOS_DEPLOYMENT_TARGET = 9.3;
				MTL_ENABLE_DEBUG_INFO = NO;
				SDKROOT = iphoneos;
				TARGETED_DEVICE_FAMILY = "1,2";
				VALIDATE_PRODUCT = YES;
			};
			name = Release;
		};
		A05491421D1CAE620057BF7F /* Debug */ = {
			isa = XCBuildConfiguration;
			baseConfigurationReference = 925D64AD97D1052F67D4F106 /* Pods-Revolut.debug.xcconfig */;
			buildSettings = {
				ASSETCATALOG_COMPILER_APPICON_NAME = AppIcon;
				CLANG_ENABLE_MODULES = YES;
				INFOPLIST_FILE = Revolut/Info.plist;
				LD_RUNPATH_SEARCH_PATHS = "$(inherited) @executable_path/Frameworks";
				PRODUCT_BUNDLE_IDENTIFIER = com.ar.Revolut;
				PRODUCT_NAME = "$(TARGET_NAME)";
				SWIFT_OBJC_BRIDGING_HEADER = "Revolut/Revolut-Bridging-Header.h";
				SWIFT_OPTIMIZATION_LEVEL = "-Onone";
			};
			name = Debug;
		};
		A05491431D1CAE620057BF7F /* Release */ = {
			isa = XCBuildConfiguration;
			baseConfigurationReference = 4C6C2826073F94FDCBFB406D /* Pods-Revolut.release.xcconfig */;
			buildSettings = {
				ASSETCATALOG_COMPILER_APPICON_NAME = AppIcon;
				CLANG_ENABLE_MODULES = YES;
				INFOPLIST_FILE = Revolut/Info.plist;
				LD_RUNPATH_SEARCH_PATHS = "$(inherited) @executable_path/Frameworks";
				PRODUCT_BUNDLE_IDENTIFIER = com.ar.Revolut;
				PRODUCT_NAME = "$(TARGET_NAME)";
				SWIFT_OBJC_BRIDGING_HEADER = "Revolut/Revolut-Bridging-Header.h";
			};
			name = Release;
		};
		A05491451D1CAE620057BF7F /* Debug */ = {
			isa = XCBuildConfiguration;
			buildSettings = {
				BUNDLE_LOADER = "$(TEST_HOST)";
				INFOPLIST_FILE = RevolutTests/Info.plist;
				LD_RUNPATH_SEARCH_PATHS = "$(inherited) @executable_path/Frameworks @loader_path/Frameworks";
				PRODUCT_BUNDLE_IDENTIFIER = com.ar.RevolutTests;
				PRODUCT_NAME = "$(TARGET_NAME)";
				TEST_HOST = "$(BUILT_PRODUCTS_DIR)/Revolut.app/Revolut";
			};
			name = Debug;
		};
		A05491461D1CAE620057BF7F /* Release */ = {
			isa = XCBuildConfiguration;
			buildSettings = {
				BUNDLE_LOADER = "$(TEST_HOST)";
				INFOPLIST_FILE = RevolutTests/Info.plist;
				LD_RUNPATH_SEARCH_PATHS = "$(inherited) @executable_path/Frameworks @loader_path/Frameworks";
				PRODUCT_BUNDLE_IDENTIFIER = com.ar.RevolutTests;
				PRODUCT_NAME = "$(TARGET_NAME)";
				TEST_HOST = "$(BUILT_PRODUCTS_DIR)/Revolut.app/Revolut";
			};
			name = Release;
		};
		A05491481D1CAE620057BF7F /* Debug */ = {
			isa = XCBuildConfiguration;
			buildSettings = {
				INFOPLIST_FILE = RevolutUITests/Info.plist;
				LD_RUNPATH_SEARCH_PATHS = "$(inherited) @executable_path/Frameworks @loader_path/Frameworks";
				PRODUCT_BUNDLE_IDENTIFIER = com.ar.RevolutUITests;
				PRODUCT_NAME = "$(TARGET_NAME)";
				TEST_TARGET_NAME = Revolut;
			};
			name = Debug;
		};
		A05491491D1CAE620057BF7F /* Release */ = {
			isa = XCBuildConfiguration;
			buildSettings = {
				INFOPLIST_FILE = RevolutUITests/Info.plist;
				LD_RUNPATH_SEARCH_PATHS = "$(inherited) @executable_path/Frameworks @loader_path/Frameworks";
				PRODUCT_BUNDLE_IDENTIFIER = com.ar.RevolutUITests;
				PRODUCT_NAME = "$(TARGET_NAME)";
				TEST_TARGET_NAME = Revolut;
			};
			name = Release;
		};
/* End XCBuildConfiguration section */

/* Begin XCConfigurationList section */
		A05491141D1CAE620057BF7F /* Build configuration list for PBXProject "Revolut" */ = {
			isa = XCConfigurationList;
			buildConfigurations = (
				A054913F1D1CAE620057BF7F /* Debug */,
				A05491401D1CAE620057BF7F /* Release */,
			);
			defaultConfigurationIsVisible = 0;
			defaultConfigurationName = Release;
		};
		A05491411D1CAE620057BF7F /* Build configuration list for PBXNativeTarget "Revolut" */ = {
			isa = XCConfigurationList;
			buildConfigurations = (
				A05491421D1CAE620057BF7F /* Debug */,
				A05491431D1CAE620057BF7F /* Release */,
			);
			defaultConfigurationIsVisible = 0;
			defaultConfigurationName = Release;
		};
		A05491441D1CAE620057BF7F /* Build configuration list for PBXNativeTarget "RevolutTests" */ = {
			isa = XCConfigurationList;
			buildConfigurations = (
				A05491451D1CAE620057BF7F /* Debug */,
				A05491461D1CAE620057BF7F /* Release */,
			);
			defaultConfigurationIsVisible = 0;
			defaultConfigurationName = Release;
		};
		A05491471D1CAE620057BF7F /* Build configuration list for PBXNativeTarget "RevolutUITests" */ = {
			isa = XCConfigurationList;
			buildConfigurations = (
				A05491481D1CAE620057BF7F /* Debug */,
				A05491491D1CAE620057BF7F /* Release */,
			);
			defaultConfigurationIsVisible = 0;
			defaultConfigurationName = Release;
		};
/* End XCConfigurationList section */
	};
	rootObject = A05491111D1CAE620057BF7F /* Project object */;
}
